{
  "name": "e2e-poc",
  "version": "1.0.0",
  "lockfileVersion": 2,
  "requires": true,
  "packages": {
    "": {
      "name": "e2e-poc",
      "version": "1.0.0",
      "license": "ISC",
      "devDependencies": {
        "@playwright/test": "file:../module/playwright-test-1.33.0-next.tgz",
        "playwright-core": "file:../module/playwright-core-1.33.0-next.tgz",
        "typescript": "^5.0.2"
      }
    },
    "node_modules/@playwright/test": {
      "version": "1.33.0-next",
      "resolved": "file:../module/playwright-test-1.33.0-next.tgz",
      "integrity": "sha512-I7aCEcubrHamKlmhFlPIg7xRKwEjtiUwyHXO5cWZrJOKmvVxiwMggIsGnaOvcglOxhPQUSTmOm83tqrK8QceXA==",
      "dev": true,
      "license": "Apache-2.0",
      "dependencies": {
        "@types/node": "*",
        "playwright-core": "1.33.0-next"
      },
      "bin": {
        "playwright": "cli.js"
      },
      "engines": {
        "node": ">=14"
      },
      "optionalDependencies": {
        "fsevents": "2.3.2"
      }
    },
    "node_modules/@types/node": {
      "version": "18.15.9",
      "resolved": "https://registry.npmjs.org/@types/node/-/node-18.15.9.tgz",
      "integrity": "sha512-dUxhiNzBLr6IqlZXz6e/rN2YQXlFgOei/Dxy+e3cyXTJ4txSUbGT2/fmnD6zd/75jDMeW5bDee+YXxlFKHoV0A==",
      "dev": true
    },
    "node_modules/fsevents": {
      "version": "2.3.2",
      "resolved": "https://registry.npmjs.org/fsevents/-/fsevents-2.3.2.tgz",
      "integrity": "sha512-xiqMQR4xAeHTuB9uWm+fFRcIOgKBMiOBP+eXiyT7jsgVCq1bkVygt00oASowB7EdtpOHaaPgKt812P9ab+DDKA==",
      "dev": true,
      "hasInstallScript": true,
      "optional": true,
      "os": [
        "darwin"
      ],
      "engines": {
        "node": "^8.16.0 || ^10.6.0 || >=11.0.0"
      }
    },
    "node_modules/playwright-core": {
      "version": "1.33.0-next",
      "resolved": "file:../module/playwright-core-1.33.0-next.tgz",
      "integrity": "sha512-+OIsZMI4ZfH3mX9bFLMTK0XizKL7IfJU/U6E3d+sP9yGElzFmGonpw8nehD3lhDTMOCp6L+TtoPJqfPxGPEjqg==",
      "dev": true,
      "license": "Apache-2.0",
      "bin": {
        "playwright": "cli.js"
      },
      "engines": {
        "node": ">=14"
      }
    },
    "node_modules/typescript": {
      "version": "5.0.2",
      "resolved": "https://registry.npmjs.org/typescript/-/typescript-5.0.2.tgz",
      "integrity": "sha512-wVORMBGO/FAs/++blGNeAVdbNKtIh1rbBL2EyQ1+J9lClJ93KiiKe8PmFIVdXhHcyv44SL9oglmfeSsndo0jRw==",
      "dev": true,
      "bin": {
        "tsc": "bin/tsc",
        "tsserver": "bin/tsserver"
      },
      "engines": {
        "node": ">=12.20"
      }
    }
  },
  "dependencies": {
    "@playwright/test": {
      "version": "file:../module/playwright-test-1.33.0-next.tgz",
      "integrity": "sha512-I7aCEcubrHamKlmhFlPIg7xRKwEjtiUwyHXO5cWZrJOKmvVxiwMggIsGnaOvcglOxhPQUSTmOm83tqrK8QceXA==",
      "dev": true,
      "requires": {
        "@types/node": "*",
        "fsevents": "2.3.2",
        "playwright-core": "1.33.0-next"
      }
    },
    "@types/node": {
      "version": "18.15.9",
      "resolved": "https://registry.npmjs.org/@types/node/-/node-18.15.9.tgz",
      "integrity": "sha512-dUxhiNzBLr6IqlZXz6e/rN2YQXlFgOei/Dxy+e3cyXTJ4txSUbGT2/fmnD6zd/75jDMeW5bDee+YXxlFKHoV0A==",
      "dev": true
    },
    "fsevents": {
      "version": "2.3.2",
      "resolved": "https://registry.npmjs.org/fsevents/-/fsevents-2.3.2.tgz",
      "integrity": "sha512-xiqMQR4xAeHTuB9uWm+fFRcIOgKBMiOBP+eXiyT7jsgVCq1bkVygt00oASowB7EdtpOHaaPgKt812P9ab+DDKA==",
      "dev": true,
      "optional": true
    },
    "playwright-core": {
      "version": "file:../module/playwright-core-1.33.0-next.tgz",
      "integrity": "sha512-+OIsZMI4ZfH3mX9bFLMTK0XizKL7IfJU/U6E3d+sP9yGElzFmGonpw8nehD3lhDTMOCp6L+TtoPJqfPxGPEjqg==",
      "dev": true
    },
    "typescript": {
      "version": "5.0.2",
      "resolved": "https://registry.npmjs.org/typescript/-/typescript-5.0.2.tgz",
      "integrity": "sha512-wVORMBGO/FAs/++blGNeAVdbNKtIh1rbBL2EyQ1+J9lClJ93KiiKe8PmFIVdXhHcyv44SL9oglmfeSsndo0jRw==",
      "dev": true
    }
  }
}
